
Microsoft Visual Studio Solution File, Format Version 12.00
# Visual Studio Version 17
VisualStudioVersion = 17.0.31903.59
MinimumVisualStudioVersion = 10.0.40219.1
Project("{2150E333-8FDC-42A3-9474-1A3956D46DE8}") = "src", "src", "{010E05B0-E1EC-40C9-AEB6-588F213EB419}"
EndProject
Project("{2150E333-8FDC-42A3-9474-1A3956D46DE8}") = "Solution Items", "Solution Items", "{A67E6FB2-F7F5-445B-BEAE-97C7582FB1BB}"
	ProjectSection(SolutionItems) = preProject
		README.md = README.md
		.github\workflows\docker-image-ci.yaml = .github\workflows\docker-image-ci.yaml
	EndProjectSection
EndProject
Project("{FAE04EC0-301F-11D3-BF4B-00C04F79EFBC}") = "Deepin.Identity.Domain", "src\Deepin.Identity.Domain\Deepin.Identity.Domain.csproj", "{E76E3F2A-CB4C-4622-9CB1-4A4677973637}"
EndProject
Project("{FAE04EC0-301F-11D3-BF4B-00C04F79EFBC}") = "Deepin.Identity.Application", "src\Deepin.Identity.Application\Deepin.Identity.Application.csproj", "{D02E8CDC-29D9-44AA-B1BA-C0E9B931B192}"
EndProject
Project("{FAE04EC0-301F-11D3-BF4B-00C04F79EFBC}") = "Deepin.Identity.Infrastructure", "src\Deepin.Identity.Infrastructure\Deepin.Identity.Infrastructure.csproj", "{0992798F-164A-48A5-BF90-7EB17F1AB886}"
EndProject
Project("{FAE04EC0-301F-11D3-BF4B-00C04F79EFBC}") = "Deepin.Identity.Web", "src\Deepin.Identity.Web\Deepin.Identity.Web.csproj", "{8CC9DB2B-E70F-493D-AC58-99CF6F496A8A}"
EndProject
Global
	GlobalSection(SolutionConfigurationPlatforms) = preSolution
		Debug|Any CPU = Debug|Any CPU
		Release|Any CPU = Release|Any CPU
	EndGlobalSection
	GlobalSection(ProjectConfigurationPlatforms) = postSolution
		{E76E3F2A-CB4C-4622-9CB1-4A4677973637}.Debug|Any CPU.ActiveCfg = Debug|Any CPU
		{E76E3F2A-CB4C-4622-9CB1-4A4677973637}.Debug|Any CPU.Build.0 = Debug|Any CPU
		{E76E3F2A-CB4C-4622-9CB1-4A4677973637}.Release|Any CPU.ActiveCfg = Release|Any CPU
		{E76E3F2A-CB4C-4622-9CB1-4A4677973637}.Release|Any CPU.Build.0 = Release|Any CPU
		{D02E8CDC-29D9-44AA-B1BA-C0E9B931B192}.Debug|Any CPU.ActiveCfg = Debug|Any CPU
		{D02E8CDC-29D9-44AA-B1BA-C0E9B931B192}.Debug|Any CPU.Build.0 = Debug|Any CPU
		{D02E8CDC-29D9-44AA-B1BA-C0E9B931B192}.Release|Any CPU.ActiveCfg = Release|Any CPU
		{D02E8CDC-29D9-44AA-B1BA-C0E9B931B192}.Release|Any CPU.Build.0 = Release|Any CPU
		{0992798F-164A-48A5-BF90-7EB17F1AB886}.Debug|Any CPU.ActiveCfg = Debug|Any CPU
		{0992798F-164A-48A5-BF90-7EB17F1AB886}.Debug|Any CPU.Build.0 = Debug|Any CPU
		{0992798F-164A-48A5-BF90-7EB17F1AB886}.Release|Any CPU.ActiveCfg = Release|Any CPU
		{0992798F-164A-48A5-BF90-7EB17F1AB886}.Release|Any CPU.Build.0 = Release|Any CPU
		{8CC9DB2B-E70F-493D-AC58-99CF6F496A8A}.Debug|Any CPU.ActiveCfg = Debug|Any CPU
		{8CC9DB2B-E70F-493D-AC58-99CF6F496A8A}.Debug|Any CPU.Build.0 = Debug|Any CPU
		{8CC9DB2B-E70F-493D-AC58-99CF6F496A8A}.Release|Any CPU.ActiveCfg = Release|Any CPU
		{8CC9DB2B-E70F-493D-AC58-99CF6F496A8A}.Release|Any CPU.Build.0 = Release|Any CPU
	EndGlobalSection
	GlobalSection(SolutionProperties) = preSolution
		HideSolutionNode = FALSE
	EndGlobalSection
	GlobalSection(NestedProjects) = preSolution
		{E76E3F2A-CB4C-4622-9CB1-4A4677973637} = {010E05B0-E1EC-40C9-AEB6-588F213EB419}
		{D02E8CDC-29D9-44AA-B1BA-C0E9B931B192} = {010E05B0-E1EC-40C9-AEB6-588F213EB419}
		{0992798F-164A-48A5-BF90-7EB17F1AB886} = {010E05B0-E1EC-40C9-AEB6-588F213EB419}
		{8CC9DB2B-E70F-493D-AC58-99CF6F496A8A} = {010E05B0-E1EC-40C9-AEB6-588F213EB419}
	EndGlobalSection
EndGlobal
